// !$*UTF8*$!
{
	archiveVersion = 1;
	classes = {
	};
	objectVersion = 46;
	objects = {

/* Begin PBXBuildFile section */
		516F5C361CEFED0400A5BCE1 /* AppDelegate.swift in Sources */ = {isa = PBXBuildFile; fileRef = 516F5C351CEFED0400A5BCE1 /* AppDelegate.swift */; };
		516F5C381CEFED0400A5BCE1 /* MapViewController.swift in Sources */ = {isa = PBXBuildFile; fileRef = 516F5C371CEFED0400A5BCE1 /* MapViewController.swift */; };
		516F5C3B1CEFED0400A5BCE1 /* Main.storyboard in Resources */ = {isa = PBXBuildFile; fileRef = 516F5C391CEFED0400A5BCE1 /* Main.storyboard */; };
		516F5C3E1CEFED0400A5BCE1 /* Virtual_Tourist.xcdatamodeld in Sources */ = {isa = PBXBuildFile; fileRef = 516F5C3C1CEFED0400A5BCE1 /* Virtual_Tourist.xcdatamodeld */; };
		516F5C401CEFED0400A5BCE1 /* Assets.xcassets in Resources */ = {isa = PBXBuildFile; fileRef = 516F5C3F1CEFED0400A5BCE1 /* Assets.xcassets */; };
		516F5C431CEFED0400A5BCE1 /* LaunchScreen.storyboard in Resources */ = {isa = PBXBuildFile; fileRef = 516F5C411CEFED0400A5BCE1 /* LaunchScreen.storyboard */; };
		51B4A6A71CEFFCC3001FE91F /* Pin.swift in Sources */ = {isa = PBXBuildFile; fileRef = 51B4A6A31CEFFCC3001FE91F /* Pin.swift */; };
		51B4A6A91CEFFCC3001FE91F /* Photo.swift in Sources */ = {isa = PBXBuildFile; fileRef = 51B4A6A51CEFFCC3001FE91F /* Photo.swift */; };
		51B4A6B11CF0B34E001FE91F /* CoreDataStack.swift in Sources */ = {isa = PBXBuildFile; fileRef = 51B4A6B01CF0B34E001FE91F /* CoreDataStack.swift */; };
		51B4A6BC1CF0C766001FE91F /* PhotoAlbumViewController.swift in Sources */ = {isa = PBXBuildFile; fileRef = 51B4A6BB1CF0C766001FE91F /* PhotoAlbumViewController.swift */; };
		51B4A6BE1CF0C81D001FE91F /* FlickrClient.swift in Sources */ = {isa = PBXBuildFile; fileRef = 51B4A6BD1CF0C81D001FE91F /* FlickrClient.swift */; };
		51B4A6C21CF0CE55001FE91F /* PinClicked.swift in Sources */ = {isa = PBXBuildFile; fileRef = 51B4A6C11CF0CE55001FE91F /* PinClicked.swift */; };
		51B4A6C61CF0CE98001FE91F /* DefaultRegion.swift in Sources */ = {isa = PBXBuildFile; fileRef = 51B4A6C51CF0CE98001FE91F /* DefaultRegion.swift */; };
		51B4A6C81CF0CEF6001FE91F /* DroppedPin.swift in Sources */ = {isa = PBXBuildFile; fileRef = 51B4A6C71CF0CEF6001FE91F /* DroppedPin.swift */; };
		51B4A6CA1CF0CF6C001FE91F /* ShowPins.swift in Sources */ = {isa = PBXBuildFile; fileRef = 51B4A6C91CF0CF6C001FE91F /* ShowPins.swift */; };
		51B4A6CC1CF14650001FE91F /* PhotoCell.swift in Sources */ = {isa = PBXBuildFile; fileRef = 51B4A6CB1CF14650001FE91F /* PhotoCell.swift */; };
		51B4A6D41CF53878001FE91F /* Photo+CoreDataProperties.swift in Sources */ = {isa = PBXBuildFile; fileRef = 51B4A6D21CF53878001FE91F /* Photo+CoreDataProperties.swift */; };
		51B4A6D51CF53878001FE91F /* Pin+CoreDataProperties.swift in Sources */ = {isa = PBXBuildFile; fileRef = 51B4A6D31CF53878001FE91F /* Pin+CoreDataProperties.swift */; };
/* End PBXBuildFile section */

/* Begin PBXFileReference section */
		516F5C321CEFED0400A5BCE1 /* Virtual Tourist.app */ = {isa = PBXFileReference; explicitFileType = wrapper.application; includeInIndex = 0; path = "Virtual Tourist.app"; sourceTree = BUILT_PRODUCTS_DIR; };
		516F5C351CEFED0400A5BCE1 /* AppDelegate.swift */ = {isa = PBXFileReference; lastKnownFileType = sourcecode.swift; path = AppDelegate.swift; sourceTree = "<group>"; };
		516F5C371CEFED0400A5BCE1 /* MapViewController.swift */ = {isa = PBXFileReference; lastKnownFileType = sourcecode.swift; path = MapViewController.swift; sourceTree = "<group>"; };
		516F5C3A1CEFED0400A5BCE1 /* Base */ = {isa = PBXFileReference; lastKnownFileType = file.storyboard; name = Base; path = Base.lproj/Main.storyboard; sourceTree = "<group>"; };
		516F5C3D1CEFED0400A5BCE1 /* Virtual_Tourist.xcdatamodel */ = {isa = PBXFileReference; lastKnownFileType = wrapper.xcdatamodel; path = Virtual_Tourist.xcdatamodel; sourceTree = "<group>"; };
		516F5C3F1CEFED0400A5BCE1 /* Assets.xcassets */ = {isa = PBXFileReference; lastKnownFileType = folder.assetcatalog; path = Assets.xcassets; sourceTree = "<group>"; };
		516F5C421CEFED0400A5BCE1 /* Base */ = {isa = PBXFileReference; lastKnownFileType = file.storyboard; name = Base; path = Base.lproj/LaunchScreen.storyboard; sourceTree = "<group>"; };
		516F5C441CEFED0400A5BCE1 /* Info.plist */ = {isa = PBXFileReference; lastKnownFileType = text.plist.xml; path = Info.plist; sourceTree = "<group>"; };
		51B4A6A31CEFFCC3001FE91F /* Pin.swift */ = {isa = PBXFileReference; fileEncoding = 4; lastKnownFileType = sourcecode.swift; name = Pin.swift; path = ../Pin.swift; sourceTree = "<group>"; };
		51B4A6A51CEFFCC3001FE91F /* Photo.swift */ = {isa = PBXFileReference; fileEncoding = 4; lastKnownFileType = sourcecode.swift; name = Photo.swift; path = ../Photo.swift; sourceTree = "<group>"; };
		51B4A6B01CF0B34E001FE91F /* CoreDataStack.swift */ = {isa = PBXFileReference; fileEncoding = 4; lastKnownFileType = sourcecode.swift; path = CoreDataStack.swift; sourceTree = "<group>"; };
		51B4A6BB1CF0C766001FE91F /* PhotoAlbumViewController.swift */ = {isa = PBXFileReference; fileEncoding = 4; lastKnownFileType = sourcecode.swift; path = PhotoAlbumViewController.swift; sourceTree = "<group>"; };
		51B4A6BD1CF0C81D001FE91F /* FlickrClient.swift */ = {isa = PBXFileReference; fileEncoding = 4; lastKnownFileType = sourcecode.swift; path = FlickrClient.swift; sourceTree = "<group>"; };
		51B4A6C11CF0CE55001FE91F /* PinClicked.swift */ = {isa = PBXFileReference; fileEncoding = 4; lastKnownFileType = sourcecode.swift; path = PinClicked.swift; sourceTree = "<group>"; };
		51B4A6C51CF0CE98001FE91F /* DefaultRegion.swift */ = {isa = PBXFileReference; fileEncoding = 4; lastKnownFileType = sourcecode.swift; path = DefaultRegion.swift; sourceTree = "<group>"; };
		51B4A6C71CF0CEF6001FE91F /* DroppedPin.swift */ = {isa = PBXFileReference; fileEncoding = 4; lastKnownFileType = sourcecode.swift; path = DroppedPin.swift; sourceTree = "<group>"; };
		51B4A6C91CF0CF6C001FE91F /* ShowPins.swift */ = {isa = PBXFileReference; fileEncoding = 4; lastKnownFileType = sourcecode.swift; path = ShowPins.swift; sourceTree = "<group>"; };
		51B4A6CB1CF14650001FE91F /* PhotoCell.swift */ = {isa = PBXFileReference; fileEncoding = 4; lastKnownFileType = sourcecode.swift; path = PhotoCell.swift; sourceTree = "<group>"; };
		51B4A6D21CF53878001FE91F /* Photo+CoreDataProperties.swift */ = {isa = PBXFileReference; fileEncoding = 4; lastKnownFileType = sourcecode.swift; name = "Photo+CoreDataProperties.swift"; path = "../Photo+CoreDataProperties.swift"; sourceTree = "<group>"; };
		51B4A6D31CF53878001FE91F /* Pin+CoreDataProperties.swift */ = {isa = PBXFileReference; fileEncoding = 4; lastKnownFileType = sourcecode.swift; name = "Pin+CoreDataProperties.swift"; path = "../Pin+CoreDataProperties.swift"; sourceTree = "<group>"; };
/* End PBXFileReference section */

/* Begin PBXFrameworksBuildPhase section */
		516F5C2F1CEFED0400A5BCE1 /* Frameworks */ = {
			isa = PBXFrameworksBuildPhase;
			buildActionMask = 2147483647;
			files = (
			);
			runOnlyForDeploymentPostprocessing = 0;
		};
/* End PBXFrameworksBuildPhase section */

/* Begin PBXGroup section */
		516F5C291CEFED0400A5BCE1 = {
			isa = PBXGroup;
			children = (
				516F5C341CEFED0400A5BCE1 /* Virtual Tourist */,
				516F5C331CEFED0400A5BCE1 /* Products */,
			);
			sourceTree = "<group>";
		};
		516F5C331CEFED0400A5BCE1 /* Products */ = {
			isa = PBXGroup;
			children = (
				516F5C321CEFED0400A5BCE1 /* Virtual Tourist.app */,
			);
			name = Products;
			sourceTree = "<group>";
		};
		516F5C341CEFED0400A5BCE1 /* Virtual Tourist */ = {
			isa = PBXGroup;
			children = (
				516F5C351CEFED0400A5BCE1 /* AppDelegate.swift */,
				51B4A6B21CF0C68D001FE91F /* Model */,
				51B4A6CD1CF14654001FE91F /* View */,
				51B4A6B51CF0C6B4001FE91F /* Controllers */,
				51B4A6B71CF0C6D8001FE91F /* Assets */,
				51B4A6BA1CF0C6F3001FE91F /* Supporting Files */,
			);
			path = "Virtual Tourist";
			sourceTree = "<group>";
		};
		51B4A6B21CF0C68D001FE91F /* Model */ = {
			isa = PBXGroup;
			children = (
				51B4A6B61CF0C6CB001FE91F /* Core Data */,
				51B4A6B31CF0C698001FE91F /* Pin */,
				51B4A6B41CF0C69E001FE91F /* Photo */,
				51B4A6BF1CF0C820001FE91F /* Flickr */,
			);
			name = Model;
			sourceTree = "<group>";
		};
		51B4A6B31CF0C698001FE91F /* Pin */ = {
			isa = PBXGroup;
			children = (
				51B4A6A31CEFFCC3001FE91F /* Pin.swift */,
				51B4A6D31CF53878001FE91F /* Pin+CoreDataProperties.swift */,
			);
			name = Pin;
			sourceTree = "<group>";
		};
		51B4A6B41CF0C69E001FE91F /* Photo */ = {
			isa = PBXGroup;
			children = (
				51B4A6A51CEFFCC3001FE91F /* Photo.swift */,
				51B4A6D21CF53878001FE91F /* Photo+CoreDataProperties.swift */,
			);
			name = Photo;
			sourceTree = "<group>";
		};
		51B4A6B51CF0C6B4001FE91F /* Controllers */ = {
			isa = PBXGroup;
			children = (
				51B4A6C01CF0CE34001FE91F /* MapViewController */,
				51B4A6BB1CF0C766001FE91F /* PhotoAlbumViewController.swift */,
			);
			name = Controllers;
			sourceTree = "<group>";
		};
		51B4A6B61CF0C6CB001FE91F /* Core Data */ = {
			isa = PBXGroup;
			children = (
				51B4A6B01CF0B34E001FE91F /* CoreDataStack.swift */,
				516F5C3C1CEFED0400A5BCE1 /* Virtual_Tourist.xcdatamodeld */,
			);
			name = "Core Data";
			sourceTree = "<group>";
		};
		51B4A6B71CF0C6D8001FE91F /* Assets */ = {
			isa = PBXGroup;
			children = (
				51B4A6B81CF0C6E0001FE91F /* Storyboards */,
				51B4A6B91CF0C6E5001FE91F /* Images */,
			);
			name = Assets;
			sourceTree = "<group>";
		};
		51B4A6B81CF0C6E0001FE91F /* Storyboards */ = {
			isa = PBXGroup;
			children = (
				516F5C391CEFED0400A5BCE1 /* Main.storyboard */,
				516F5C411CEFED0400A5BCE1 /* LaunchScreen.storyboard */,
			);
			name = Storyboards;
			sourceTree = "<group>";
		};
		51B4A6B91CF0C6E5001FE91F /* Images */ = {
			isa = PBXGroup;
			children = (
				516F5C3F1CEFED0400A5BCE1 /* Assets.xcassets */,
			);
			name = Images;
			sourceTree = "<group>";
		};
		51B4A6BA1CF0C6F3001FE91F /* Supporting Files */ = {
			isa = PBXGroup;
			children = (
				516F5C441CEFED0400A5BCE1 /* Info.plist */,
			);
			name = "Supporting Files";
			sourceTree = "<group>";
		};
		51B4A6BF1CF0C820001FE91F /* Flickr */ = {
			isa = PBXGroup;
			children = (
				51B4A6BD1CF0C81D001FE91F /* FlickrClient.swift */,
			);
			name = Flickr;
			sourceTree = "<group>";
		};
		51B4A6C01CF0CE34001FE91F /* MapViewController */ = {
			isa = PBXGroup;
			children = (
				516F5C371CEFED0400A5BCE1 /* MapViewController.swift */,
				51B4A6C51CF0CE98001FE91F /* DefaultRegion.swift */,
				51B4A6C71CF0CEF6001FE91F /* DroppedPin.swift */,
				51B4A6C91CF0CF6C001FE91F /* ShowPins.swift */,
				51B4A6C11CF0CE55001FE91F /* PinClicked.swift */,
			);
			name = MapViewController;
			sourceTree = "<group>";
		};
		51B4A6CD1CF14654001FE91F /* View */ = {
			isa = PBXGroup;
			children = (
				51B4A6CB1CF14650001FE91F /* PhotoCell.swift */,
			);
			name = View;
			sourceTree = "<group>";
		};
/* End PBXGroup section */

/* Begin PBXNativeTarget section */
		516F5C311CEFED0400A5BCE1 /* Virtual Tourist */ = {
			isa = PBXNativeTarget;
			buildConfigurationList = 516F5C471CEFED0400A5BCE1 /* Build configuration list for PBXNativeTarget "Virtual Tourist" */;
			buildPhases = (
				516F5C2E1CEFED0400A5BCE1 /* Sources */,
				516F5C2F1CEFED0400A5BCE1 /* Frameworks */,
				516F5C301CEFED0400A5BCE1 /* Resources */,
			);
			buildRules = (
			);
			dependencies = (
			);
			name = "Virtual Tourist";
			productName = "Virtual Tourist";
			productReference = 516F5C321CEFED0400A5BCE1 /* Virtual Tourist.app */;
			productType = "com.apple.product-type.application";
		};
/* End PBXNativeTarget section */

/* Begin PBXProject section */
		516F5C2A1CEFED0400A5BCE1 /* Project object */ = {
			isa = PBXProject;
			attributes = {
				LastSwiftUpdateCheck = 0730;
				LastUpgradeCheck = 0730;
				ORGANIZATIONNAME = "Roshan Ravi";
				TargetAttributes = {
					516F5C311CEFED0400A5BCE1 = {
						CreatedOnToolsVersion = 7.3.1;
						DevelopmentTeam = XYVQ63GG7X;
					};
				};
			};
			buildConfigurationList = 516F5C2D1CEFED0400A5BCE1 /* Build configuration list for PBXProject "Virtual Tourist" */;
			compatibilityVersion = "Xcode 3.2";
			developmentRegion = English;
			hasScannedForEncodings = 0;
			knownRegions = (
				en,
				Base,
			);
			mainGroup = 516F5C291CEFED0400A5BCE1;
			productRefGroup = 516F5C331CEFED0400A5BCE1 /* Products */;
			projectDirPath = "";
			projectRoot = "";
			targets = (
				516F5C311CEFED0400A5BCE1 /* Virtual Tourist */,
			);
		};
/* End PBXProject section */

/* Begin PBXResourcesBuildPhase section */
		516F5C301CEFED0400A5BCE1 /* Resources */ = {
			isa = PBXResourcesBuildPhase;
			buildActionMask = 2147483647;
			files = (
				516F5C431CEFED0400A5BCE1 /* LaunchScreen.storyboard in Resources */,
				516F5C401CEFED0400A5BCE1 /* Assets.xcassets in Resources */,
				516F5C3B1CEFED0400A5BCE1 /* Main.storyboard in Resources */,
			);
			runOnlyForDeploymentPostprocessing = 0;
		};
/* End PBXResourcesBuildPhase section */

/* Begin PBXSourcesBuildPhase section */
		516F5C2E1CEFED0400A5BCE1 /* Sources */ = {
			isa = PBXSourcesBuildPhase;
			buildActionMask = 2147483647;
			files = (
				51B4A6D41CF53878001FE91F /* Photo+CoreDataProperties.swift in Sources */,
				51B4A6A91CEFFCC3001FE91F /* Photo.swift in Sources */,
				51B4A6CC1CF14650001FE91F /* PhotoCell.swift in Sources */,
				51B4A6BE1CF0C81D001FE91F /* FlickrClient.swift in Sources */,
				51B4A6BC1CF0C766001FE91F /* PhotoAlbumViewController.swift in Sources */,
				51B4A6C21CF0CE55001FE91F /* PinClicked.swift in Sources */,
				51B4A6A71CEFFCC3001FE91F /* Pin.swift in Sources */,
				516F5C381CEFED0400A5BCE1 /* MapViewController.swift in Sources */,
				51B4A6C81CF0CEF6001FE91F /* DroppedPin.swift in Sources */,
				51B4A6CA1CF0CF6C001FE91F /* ShowPins.swift in Sources */,
				516F5C3E1CEFED0400A5BCE1 /* Virtual_Tourist.xcdatamodeld in Sources */,
				516F5C361CEFED0400A5BCE1 /* AppDelegate.swift in Sources */,
				51B4A6B11CF0B34E001FE91F /* CoreDataStack.swift in Sources */,
				51B4A6D51CF53878001FE91F /* Pin+CoreDataProperties.swift in Sources */,
				51B4A6C61CF0CE98001FE91F /* DefaultRegion.swift in Sources */,
			);
			runOnlyForDeploymentPostprocessing = 0;
		};
/* End PBXSourcesBuildPhase section */

/* Begin PBXVariantGroup section */
		516F5C391CEFED0400A5BCE1 /* Main.storyboard */ = {
			isa = PBXVariantGroup;
			children = (
				516F5C3A1CEFED0400A5BCE1 /* Base */,
			);
			name = Main.storyboard;
			sourceTree = "<group>";
		};
		516F5C411CEFED0400A5BCE1 /* LaunchScreen.storyboard */ = {
			isa = PBXVariantGroup;
			children = (
				516F5C421CEFED0400A5BCE1 /* Base */,
			);
			name = LaunchScreen.storyboard;
			sourceTree = "<group>";
		};
/* End PBXVariantGroup section */

/* Begin XCBuildConfiguration section */
		516F5C451CEFED0400A5BCE1 /* Debug */ = {
			isa = XCBuildConfiguration;
			buildSettings = {
				ALWAYS_SEARCH_USER_PATHS = NO;
				CLANG_ANALYZER_NONNULL = YES;
				CLANG_CXX_LANGUAGE_STANDARD = "gnu++0x";
				CLANG_CXX_LIBRARY = "libc++";
				CLANG_ENABLE_MODULES = YES;
				CLANG_ENABLE_OBJC_ARC = YES;
				CLANG_WARN_BOOL_CONVERSION = YES;
				CLANG_WARN_CONSTANT_CONVERSION = YES;
				CLANG_WARN_DIRECT_OBJC_ISA_USAGE = YES_ERROR;
				CLANG_WARN_EMPTY_BODY = YES;
				CLANG_WARN_ENUM_CONVERSION = YES;
				CLANG_WARN_INT_CONVERSION = YES;
				CLANG_WARN_OBJC_ROOT_CLASS = YES_ERROR;
				CLANG_WARN_UNREACHABLE_CODE = YES;
				CLANG_WARN__DUPLICATE_METHOD_MATCH = YES;
				"CODE_SIGN_IDENTITY[sdk=iphoneos*]" = "iPhone Developer";
				COPY_PHASE_STRIP = NO;
				DEBUG_INFORMATION_FORMAT = dwarf;
				ENABLE_STRICT_OBJC_MSGSEND = YES;
				ENABLE_TESTABILITY = YES;
				GCC_C_LANGUAGE_STANDARD = gnu99;
				GCC_DYNAMIC_NO_PIC = NO;
				GCC_NO_COMMON_BLOCKS = YES;
				GCC_OPTIMIZATION_LEVEL = 0;
				GCC_PREPROCESSOR_DEFINITIONS = (
					"DEBUG=1",
					"$(inherited)",
				);
				GCC_WARN_64_TO_32_BIT_CONVERSION = YES;
				GCC_WARN_ABOUT_RETURN_TYPE = YES_ERROR;
				GCC_WARN_UNDECLARED_SELECTOR = YES;
				GCC_WARN_UNINITIALIZED_AUTOS = YES_AGGRESSIVE;
				GCC_WARN_UNUSED_FUNCTION = YES;
				GCC_WARN_UNUSED_VARIABLE = YES;
				IPHONEOS_DEPLOYMENT_TARGET = 9.3;
				MTL_ENABLE_DEBUG_INFO = YES;
				ONLY_ACTIVE_ARCH = YES;
				SDKROOT = iphoneos;
				SWIFT_OPTIMIZATION_LEVEL = "-Onone";
			};
			name = Debug;
		};
		516F5C461CEFED0400A5BCE1 /* Release */ = {
			isa = XCBuildConfiguration;
			buildSettings = {
				ALWAYS_SEARCH_USER_PATHS = NO;
				CLANG_ANALYZER_NONNULL = YES;
				CLANG_CXX_LANGUAGE_STANDARD = "gnu++0x";
				CLANG_CXX_LIBRARY = "libc++";
				CLANG_ENABLE_MODULES = YES;
				CLANG_ENABLE_OBJC_ARC = YES;
				CLANG_WARN_BOOL_CONVERSION = YES;
				CLANG_WARN_CONSTANT_CONVERSION = YES;
				CLANG_WARN_DIRECT_OBJC_ISA_USAGE = YES_ERROR;
				CLANG_WARN_EMPTY_BODY = YES;
				CLANG_WARN_ENUM_CONVERSION = YES;
				CLANG_WARN_INT_CONVERSION = YES;
				CLANG_WARN_OBJC_ROOT_CLASS = YES_ERROR;
				CLANG_WARN_UNREACHABLE_CODE = YES;
				CLANG_WARN__DUPLICATE_METHOD_MATCH = YES;
				"CODE_SIGN_IDENTITY[sdk=iphoneos*]" = "iPhone Developer";
				COPY_PHASE_STRIP = NO;
				DEBUG_INFORMATION_FORMAT = "dwarf-with-dsym";
				ENABLE_NS_ASSERTIONS = NO;
				ENABLE_STRICT_OBJC_MSGSEND = YES;
				GCC_C_LANGUAGE_STANDARD = gnu99;
				GCC_NO_COMMON_BLOCKS = YES;
				GCC_WARN_64_TO_32_BIT_CONVERSION = YES;
				GCC_WARN_ABOUT_RETURN_TYPE = YES_ERROR;
				GCC_WARN_UNDECLARED_SELECTOR = YES;
				GCC_WARN_UNINITIALIZED_AUTOS = YES_AGGRESSIVE;
				GCC_WARN_UNUSED_FUNCTION = YES;
				GCC_WARN_UNUSED_VARIABLE = YES;
				IPHONEOS_DEPLOYMENT_TARGET = 9.3;
				MTL_ENABLE_DEBUG_INFO = NO;
				SDKROOT = iphoneos;
				VALIDATE_PRODUCT = YES;
			};
			name = Release;
		};
		516F5C481CEFED0400A5BCE1 /* Debug */ = {
			isa = XCBuildConfiguration;
			buildSettings = {
				ASSETCATALOG_COMPILER_APPICON_NAME = AppIcon;
				INFOPLIST_FILE = "Virtual Tourist/Info.plist";
				LD_RUNPATH_SEARCH_PATHS = "$(inherited) @executable_path/Frameworks";
				PRODUCT_BUNDLE_IDENTIFIER = "com.roshanravi.Virtual-Tourist";
				PRODUCT_NAME = "$(TARGET_NAME)";
			};
			name = Debug;
		};
		516F5C491CEFED0400A5BCE1 /* Release */ = {
			isa = XCBuildConfiguration;
			buildSettings = {
				ASSETCATALOG_COMPILER_APPICON_NAME = AppIcon;
				INFOPLIST_FILE = "Virtual Tourist/Info.plist";
				LD_RUNPATH_SEARCH_PATHS = "$(inherited) @executable_path/Frameworks";
				PRODUCT_BUNDLE_IDENTIFIER = "com.roshanravi.Virtual-Tourist";
				PRODUCT_NAME = "$(TARGET_NAME)";
			};
			name = Release;
		};
/* End XCBuildConfiguration section */

/* Begin XCConfigurationList section */
		516F5C2D1CEFED0400A5BCE1 /* Build configuration list for PBXProject "Virtual Tourist" */ = {
			isa = XCConfigurationList;
			buildConfigurations = (
				516F5C451CEFED0400A5BCE1 /* Debug */,
				516F5C461CEFED0400A5BCE1 /* Release */,
			);
			defaultConfigurationIsVisible = 0;
			defaultConfigurationName = Release;
		};
		516F5C471CEFED0400A5BCE1 /* Build configuration list for PBXNativeTarget "Virtual Tourist" */ = {
			isa = XCConfigurationList;
			buildConfigurations = (
				516F5C481CEFED0400A5BCE1 /* Debug */,
				516F5C491CEFED0400A5BCE1 /* Release */,
			);
			defaultConfigurationIsVisible = 0;
			defaultConfigurationName = Release;
		};
/* End XCConfigurationList section */

/* Begin XCVersionGroup section */
		516F5C3C1CEFED0400A5BCE1 /* Virtual_Tourist.xcdatamodeld */ = {
			isa = XCVersionGroup;
			children = (
				516F5C3D1CEFED0400A5BCE1 /* Virtual_Tourist.xcdatamodel */,
			);
			currentVersion = 516F5C3D1CEFED0400A5BCE1 /* Virtual_Tourist.xcdatamodel */;
			path = Virtual_Tourist.xcdatamodeld;
			sourceTree = "<group>";
			versionGroupType = wrapper.xcdatamodel;
		};
/* End XCVersionGroup section */
	};
	rootObject = 516F5C2A1CEFED0400A5BCE1 /* Project object */;
}
